
Microsoft Visual Studio Solution File, Format Version 12.00
# Visual Studio Version 17
VisualStudioVersion = 17.13.35825.156 d17.13
MinimumVisualStudioVersion = 10.0.40219.1
Project("{FAE04EC0-301F-11D3-BF4B-00C04F79EFBC}") = "HistoricalApp", "HistoricalApp\HistoricalApp.csproj", "{AE8C2235-A030-430D-9302-9092715A3AE5}"
EndProject
Global
	GlobalSection(SolutionConfigurationPlatforms) = preSolution
		Debug|Any CPU = Debug|Any CPU
		Release|Any CPU = Release|Any CPU
	EndGlobalSection
	GlobalSection(ProjectConfigurationPlatforms) = postSolution
		{AE8C2235-A030-430D-9302-9092715A3AE5}.Debug|Any CPU.ActiveCfg = Debug|Any CPU
		{AE8C2235-A030-430D-9302-9092715A3AE5}.Debug|Any CPU.Build.0 = Debug|Any CPU
		{AE8C2235-A030-430D-9302-9092715A3AE5}.Release|Any CPU.ActiveCfg = Release|Any CPU
		{AE8C2235-A030-430D-9302-9092715A3AE5}.Release|Any CPU.Build.0 = Release|Any CPU
	EndGlobalSection
	GlobalSection(SolutionProperties) = preSolution
		HideSolutionNode = FALSE
	EndGlobalSection
	GlobalSection(ExtensibilityGlobals) = postSolution
		SolutionGuid = {3A37ED28-BA2A-4142-9BEA-8245BD846E31}
	EndGlobalSection
EndGlobal
